{
  "name": "tsx-bug",
  "version": "1.0.0",
  "lockfileVersion": 1,
  "requires": true,
  "dependencies": {
    "typescript": {
      "version": "3.8.0-dev.20191024",
      "resolved": "https://registry.npmjs.org/typescript/-/typescript-3.8.0-dev.20191024.tgz",
      "integrity": "sha512-pwczYhoKDbhHg/JpbCm3oMLjfEWVHmnYwOMFSRUDZfS5iveF8Fawmtke0FFUQW5v3DybLaRHtjHEPixUhMVRAQ=="
    }
  }
}
